
Microsoft Visual Studio Solution File, Format Version 12.00
# Visual Studio 16
Project("{FAE04EC0-301F-11D3-BF4B-00C04F79EFBC}") = "Assembly-CSharp", "Assembly-CSharp.csproj", "{B9ECEAB0-A9A6-7C7C-6E06-733AA4CC3DBD}"
EndProject
Global
	GlobalSection(SolutionConfigurationPlatforms) = preSolution
		Debug|Any CPU = Debug|Any CPU
		Release|Any CPU = Release|Any CPU
	EndGlobalSection
	GlobalSection(ProjectConfigurationPlatforms) = postSolution
		{B9ECEAB0-A9A6-7C7C-6E06-733AA4CC3DBD}.Debug|Any CPU.ActiveCfg = Debug|Any CPU
		{B9ECEAB0-A9A6-7C7C-6E06-733AA4CC3DBD}.Debug|Any CPU.Build.0 = Debug|Any CPU
		{B9ECEAB0-A9A6-7C7C-6E06-733AA4CC3DBD}.Release|Any CPU.ActiveCfg = Release|Any CPU
		{B9ECEAB0-A9A6-7C7C-6E06-733AA4CC3DBD}.Release|Any CPU.Build.0 = Release|Any CPU
	EndGlobalSection
	GlobalSection(SolutionProperties) = preSolution
		HideSolutionNode = FALSE
	EndGlobalSection
EndGlobal
